
Microsoft Visual Studio Solution File, Format Version 12.00
# Visual Studio Version 17
VisualStudioVersion = 17.3.32901.215
MinimumVisualStudioVersion = 10.0.40219.1
Project("{FAE04EC0-301F-11D3-BF4B-00C04F79EFBC}") = "SHVFS_P101_GD08_Bandy_C04", "SHVFS_P101_GD08_Bandy_C04\SHVFS_P101_GD08_Bandy_C04.csproj", "{65C74D1D-B482-4879-BCE5-69EC9B2457F5}"
EndProject
Global
	GlobalSection(SolutionConfigurationPlatforms) = preSolution
		Debug|Any CPU = Debug|Any CPU
		Release|Any CPU = Release|Any CPU
	EndGlobalSection
	GlobalSection(ProjectConfigurationPlatforms) = postSolution
		{65C74D1D-B482-4879-BCE5-69EC9B2457F5}.Debug|Any CPU.ActiveCfg = Debug|Any CPU
		{65C74D1D-B482-4879-BCE5-69EC9B2457F5}.Debug|Any CPU.Build.0 = Debug|Any CPU
		{65C74D1D-B482-4879-BCE5-69EC9B2457F5}.Release|Any CPU.ActiveCfg = Release|Any CPU
		{65C74D1D-B482-4879-BCE5-69EC9B2457F5}.Release|Any CPU.Build.0 = Release|Any CPU
	EndGlobalSection
	GlobalSection(SolutionProperties) = preSolution
		HideSolutionNode = FALSE
	EndGlobalSection
	GlobalSection(ExtensibilityGlobals) = postSolution
		SolutionGuid = {E0057A3C-CD57-450D-94B5-58CAA9A927CF}
	EndGlobalSection
EndGlobal
